
Microsoft Visual Studio Solution File, Format Version 12.00
# Visual Studio 15
VisualStudioVersion = 15.0.28307.960
MinimumVisualStudioVersion = 10.0.40219.1
Project("{F184B08F-C81C-45F6-A57F-5ABD9991F28F}") = "TramTicket", "TramTicket\TramTicket.vbproj", "{726D28A7-12A8-4BBF-B3FA-AB936B61D1EC}"
EndProject
Project("{778DAE3C-4631-46EA-AA77-85C1314464D9}") = "VbLib", "VbLib\VbLib.vbproj", "{CBE1FCC8-2542-416B-BA2E-93D181196FB2}"
EndProject
Global
	GlobalSection(SolutionConfigurationPlatforms) = preSolution
		Debug|Any CPU = Debug|Any CPU
		Debug|ARM = Debug|ARM
		Debug|ARM64 = Debug|ARM64
		Debug|x64 = Debug|x64
		Debug|x86 = Debug|x86
		Release|Any CPU = Release|Any CPU
		Release|ARM = Release|ARM
		Release|ARM64 = Release|ARM64
		Release|x64 = Release|x64
		Release|x86 = Release|x86
	EndGlobalSection
	GlobalSection(ProjectConfigurationPlatforms) = postSolution
		{726D28A7-12A8-4BBF-B3FA-AB936B61D1EC}.Debug|Any CPU.ActiveCfg = Debug|x86
		{726D28A7-12A8-4BBF-B3FA-AB936B61D1EC}.Debug|ARM.ActiveCfg = Debug|ARM
		{726D28A7-12A8-4BBF-B3FA-AB936B61D1EC}.Debug|ARM.Build.0 = Debug|ARM
		{726D28A7-12A8-4BBF-B3FA-AB936B61D1EC}.Debug|ARM.Deploy.0 = Debug|ARM
		{726D28A7-12A8-4BBF-B3FA-AB936B61D1EC}.Debug|ARM64.ActiveCfg = Debug|ARM64
		{726D28A7-12A8-4BBF-B3FA-AB936B61D1EC}.Debug|ARM64.Build.0 = Debug|ARM64
		{726D28A7-12A8-4BBF-B3FA-AB936B61D1EC}.Debug|ARM64.Deploy.0 = Debug|ARM64
		{726D28A7-12A8-4BBF-B3FA-AB936B61D1EC}.Debug|x64.ActiveCfg = Debug|x64
		{726D28A7-12A8-4BBF-B3FA-AB936B61D1EC}.Debug|x64.Build.0 = Debug|x64
		{726D28A7-12A8-4BBF-B3FA-AB936B61D1EC}.Debug|x64.Deploy.0 = Debug|x64
		{726D28A7-12A8-4BBF-B3FA-AB936B61D1EC}.Debug|x86.ActiveCfg = Debug|x86
		{726D28A7-12A8-4BBF-B3FA-AB936B61D1EC}.Debug|x86.Build.0 = Debug|x86
		{726D28A7-12A8-4BBF-B3FA-AB936B61D1EC}.Debug|x86.Deploy.0 = Debug|x86
		{726D28A7-12A8-4BBF-B3FA-AB936B61D1EC}.Release|Any CPU.ActiveCfg = Release|x86
		{726D28A7-12A8-4BBF-B3FA-AB936B61D1EC}.Release|ARM.ActiveCfg = Release|ARM
		{726D28A7-12A8-4BBF-B3FA-AB936B61D1EC}.Release|ARM.Build.0 = Release|ARM
		{726D28A7-12A8-4BBF-B3FA-AB936B61D1EC}.Release|ARM.Deploy.0 = Release|ARM
		{726D28A7-12A8-4BBF-B3FA-AB936B61D1EC}.Release|ARM64.ActiveCfg = Release|ARM64
		{726D28A7-12A8-4BBF-B3FA-AB936B61D1EC}.Release|ARM64.Build.0 = Release|ARM64
		{726D28A7-12A8-4BBF-B3FA-AB936B61D1EC}.Release|ARM64.Deploy.0 = Release|ARM64
		{726D28A7-12A8-4BBF-B3FA-AB936B61D1EC}.Release|x64.ActiveCfg = Release|x64
		{726D28A7-12A8-4BBF-B3FA-AB936B61D1EC}.Release|x64.Build.0 = Release|x64
		{726D28A7-12A8-4BBF-B3FA-AB936B61D1EC}.Release|x64.Deploy.0 = Release|x64
		{726D28A7-12A8-4BBF-B3FA-AB936B61D1EC}.Release|x86.ActiveCfg = Release|x86
		{726D28A7-12A8-4BBF-B3FA-AB936B61D1EC}.Release|x86.Build.0 = Release|x86
		{726D28A7-12A8-4BBF-B3FA-AB936B61D1EC}.Release|x86.Deploy.0 = Release|x86
		{CBE1FCC8-2542-416B-BA2E-93D181196FB2}.Debug|Any CPU.ActiveCfg = Debug|Any CPU
		{CBE1FCC8-2542-416B-BA2E-93D181196FB2}.Debug|Any CPU.Build.0 = Debug|Any CPU
		{CBE1FCC8-2542-416B-BA2E-93D181196FB2}.Debug|ARM.ActiveCfg = Debug|Any CPU
		{CBE1FCC8-2542-416B-BA2E-93D181196FB2}.Debug|ARM.Build.0 = Debug|Any CPU
		{CBE1FCC8-2542-416B-BA2E-93D181196FB2}.Debug|ARM64.ActiveCfg = Debug|Any CPU
		{CBE1FCC8-2542-416B-BA2E-93D181196FB2}.Debug|ARM64.Build.0 = Debug|Any CPU
		{CBE1FCC8-2542-416B-BA2E-93D181196FB2}.Debug|x64.ActiveCfg = Debug|Any CPU
		{CBE1FCC8-2542-416B-BA2E-93D181196FB2}.Debug|x64.Build.0 = Debug|Any CPU
		{CBE1FCC8-2542-416B-BA2E-93D181196FB2}.Debug|x86.ActiveCfg = Debug|Any CPU
		{CBE1FCC8-2542-416B-BA2E-93D181196FB2}.Debug|x86.Build.0 = Debug|Any CPU
		{CBE1FCC8-2542-416B-BA2E-93D181196FB2}.Release|Any CPU.ActiveCfg = Release|Any CPU
		{CBE1FCC8-2542-416B-BA2E-93D181196FB2}.Release|Any CPU.Build.0 = Release|Any CPU
		{CBE1FCC8-2542-416B-BA2E-93D181196FB2}.Release|ARM.ActiveCfg = Release|Any CPU
		{CBE1FCC8-2542-416B-BA2E-93D181196FB2}.Release|ARM.Build.0 = Release|Any CPU
		{CBE1FCC8-2542-416B-BA2E-93D181196FB2}.Release|ARM64.ActiveCfg = Release|Any CPU
		{CBE1FCC8-2542-416B-BA2E-93D181196FB2}.Release|ARM64.Build.0 = Release|Any CPU
		{CBE1FCC8-2542-416B-BA2E-93D181196FB2}.Release|x64.ActiveCfg = Release|Any CPU
		{CBE1FCC8-2542-416B-BA2E-93D181196FB2}.Release|x64.Build.0 = Release|Any CPU
		{CBE1FCC8-2542-416B-BA2E-93D181196FB2}.Release|x86.ActiveCfg = Release|Any CPU
		{CBE1FCC8-2542-416B-BA2E-93D181196FB2}.Release|x86.Build.0 = Release|Any CPU
	EndGlobalSection
	GlobalSection(SolutionProperties) = preSolution
		HideSolutionNode = FALSE
	EndGlobalSection
	GlobalSection(ExtensibilityGlobals) = postSolution
		SolutionGuid = {16C976C1-E675-4BA1-94CB-6B4670E530D9}
	EndGlobalSection
EndGlobal
